# This file is automatically @generated by Cargo.
# It is not intended for manual editing.
version = 3

[[package]]
name = "elr_primes"
version = "0.1.2"
source = "registry+https://github.com/rust-lang/crates.io-index"
checksum = "07052aae88cfe463adb410c4ba79d721d18cb68c816232de98e7f4359b89c1c4"

[[package]]
name = "get_divisors"
version = "0.1.0"
dependencies = [
 "elr_primes",
]
